
Microsoft Visual Studio Solution File, Format Version 11.00
# Visual Basic Express 2010
Project("{F184B08F-C81C-45F6-A57F-5ABD9991F28F}") = "assignment1.5", "assignment1.5\assignment1.5.vbproj", "{BB333A15-081C-4D31-9F07-A96C8F1A47DE}"
EndProject
Global
	GlobalSection(SolutionConfigurationPlatforms) = preSolution
		Debug|x86 = Debug|x86
		Release|x86 = Release|x86
	EndGlobalSection
	GlobalSection(ProjectConfigurationPlatforms) = postSolution
		{BB333A15-081C-4D31-9F07-A96C8F1A47DE}.Debug|x86.ActiveCfg = Debug|x86
		{BB333A15-081C-4D31-9F07-A96C8F1A47DE}.Debug|x86.Build.0 = Debug|x86
		{BB333A15-081C-4D31-9F07-A96C8F1A47DE}.Release|x86.ActiveCfg = Release|x86
		{BB333A15-081C-4D31-9F07-A96C8F1A47DE}.Release|x86.Build.0 = Release|x86
	EndGlobalSection
	GlobalSection(SolutionProperties) = preSolution
		HideSolutionNode = FALSE
	EndGlobalSection
EndGlobal
